
Microsoft Visual Studio Solution File, Format Version 12.00
# Visual Studio Version 17
VisualStudioVersion = 17.8.34408.163
MinimumVisualStudioVersion = 10.0.40219.1
Project("{FAE04EC0-301F-11D3-BF4B-00C04F79EFBC}") = "modul6_1302220018", "modul6_1302220018.csproj", "{91971E0F-7C86-4A7B-8B11-B353AE750746}"
EndProject
Global
	GlobalSection(SolutionConfigurationPlatforms) = preSolution
		Debug|Any CPU = Debug|Any CPU
		Release|Any CPU = Release|Any CPU
	EndGlobalSection
	GlobalSection(ProjectConfigurationPlatforms) = postSolution
		{91971E0F-7C86-4A7B-8B11-B353AE750746}.Debug|Any CPU.ActiveCfg = Debug|Any CPU
		{91971E0F-7C86-4A7B-8B11-B353AE750746}.Debug|Any CPU.Build.0 = Debug|Any CPU
		{91971E0F-7C86-4A7B-8B11-B353AE750746}.Release|Any CPU.ActiveCfg = Release|Any CPU
		{91971E0F-7C86-4A7B-8B11-B353AE750746}.Release|Any CPU.Build.0 = Release|Any CPU
	EndGlobalSection
	GlobalSection(SolutionProperties) = preSolution
		HideSolutionNode = FALSE
	EndGlobalSection
	GlobalSection(ExtensibilityGlobals) = postSolution
		SolutionGuid = {C59B3453-02D3-4905-9B2F-3684FB32FBAC}
	EndGlobalSection
EndGlobal
